
Microsoft Visual Studio Solution File, Format Version 12.00
# Visual Studio Version 16
VisualStudioVersion = 16.0.31005.135
MinimumVisualStudioVersion = 10.0.40219.1
Project("{FAE04EC0-301F-11D3-BF4B-00C04F79EFBC}") = "TestApplication", "TestApplication\TestApplication.csproj", "{7694990F-7EAB-4CA4-BCF1-EC63BE1F37CF}"
EndProject
Global
	GlobalSection(SolutionConfigurationPlatforms) = preSolution
		Debug|Any CPU = Debug|Any CPU
		Release|Any CPU = Release|Any CPU
	EndGlobalSection
	GlobalSection(ProjectConfigurationPlatforms) = postSolution
		{7694990F-7EAB-4CA4-BCF1-EC63BE1F37CF}.Debug|Any CPU.ActiveCfg = Debug|Any CPU
		{7694990F-7EAB-4CA4-BCF1-EC63BE1F37CF}.Debug|Any CPU.Build.0 = Debug|Any CPU
		{7694990F-7EAB-4CA4-BCF1-EC63BE1F37CF}.Release|Any CPU.ActiveCfg = Release|Any CPU
		{7694990F-7EAB-4CA4-BCF1-EC63BE1F37CF}.Release|Any CPU.Build.0 = Release|Any CPU
	EndGlobalSection
	GlobalSection(SolutionProperties) = preSolution
		HideSolutionNode = FALSE
	EndGlobalSection
	GlobalSection(ExtensibilityGlobals) = postSolution
		SolutionGuid = {BAC4BBB6-7BD4-4EE1-A46D-2A190F813446}
	EndGlobalSection
EndGlobal
